
Microsoft Visual Studio Solution File, Format Version 12.00
# Visual Studio Version 17
VisualStudioVersion = 17.4.33213.308
MinimumVisualStudioVersion = 10.0.40219.1
Project("{FAE04EC0-301F-11D3-BF4B-00C04F79EFBC}") = "20232907_While_Ornek3", "20232907_While_Ornek3\20232907_While_Ornek3.csproj", "{A29E5DC6-9875-4E7A-B158-47265F6ED0B2}"
EndProject
Global
	GlobalSection(SolutionConfigurationPlatforms) = preSolution
		Debug|Any CPU = Debug|Any CPU
		Release|Any CPU = Release|Any CPU
	EndGlobalSection
	GlobalSection(ProjectConfigurationPlatforms) = postSolution
		{A29E5DC6-9875-4E7A-B158-47265F6ED0B2}.Debug|Any CPU.ActiveCfg = Debug|Any CPU
		{A29E5DC6-9875-4E7A-B158-47265F6ED0B2}.Debug|Any CPU.Build.0 = Debug|Any CPU
		{A29E5DC6-9875-4E7A-B158-47265F6ED0B2}.Release|Any CPU.ActiveCfg = Release|Any CPU
		{A29E5DC6-9875-4E7A-B158-47265F6ED0B2}.Release|Any CPU.Build.0 = Release|Any CPU
	EndGlobalSection
	GlobalSection(SolutionProperties) = preSolution
		HideSolutionNode = FALSE
	EndGlobalSection
	GlobalSection(ExtensibilityGlobals) = postSolution
		SolutionGuid = {443CCE7D-4909-43B2-B3E1-CD1D4BEB3799}
	EndGlobalSection
EndGlobal
